
Microsoft Visual Studio Solution File, Format Version 12.00
# Visual Studio Version 17
VisualStudioVersion = 17.13.35931.197 d17.13
MinimumVisualStudioVersion = 10.0.40219.1
Project("{FAE04EC0-301F-11D3-BF4B-00C04F79EFBC}") = "14C-H25-TP3_Moussa_Dembélé", "14C-H25-TP3_Moussa_Dembélé\14C-H25-TP3_Moussa_Dembélé.csproj", "{2C4BD08D-C99D-496D-9D00-D3E78B48A89C}"
EndProject
Global
	GlobalSection(SolutionConfigurationPlatforms) = preSolution
		Debug|Any CPU = Debug|Any CPU
		Release|Any CPU = Release|Any CPU
	EndGlobalSection
	GlobalSection(ProjectConfigurationPlatforms) = postSolution
		{2C4BD08D-C99D-496D-9D00-D3E78B48A89C}.Debug|Any CPU.ActiveCfg = Debug|Any CPU
		{2C4BD08D-C99D-496D-9D00-D3E78B48A89C}.Debug|Any CPU.Build.0 = Debug|Any CPU
		{2C4BD08D-C99D-496D-9D00-D3E78B48A89C}.Release|Any CPU.ActiveCfg = Release|Any CPU
		{2C4BD08D-C99D-496D-9D00-D3E78B48A89C}.Release|Any CPU.Build.0 = Release|Any CPU
	EndGlobalSection
	GlobalSection(SolutionProperties) = preSolution
		HideSolutionNode = FALSE
	EndGlobalSection
	GlobalSection(ExtensibilityGlobals) = postSolution
		SolutionGuid = {85355212-D8A9-4F94-9BE0-D5232847FFF9}
	EndGlobalSection
EndGlobal
